
Microsoft Visual Studio Solution File, Format Version 12.00
# Visual Studio 15
VisualStudioVersion = 15.0.26430.16
MinimumVisualStudioVersion = 10.0.40219.1
Project("{FAE04EC0-301F-11D3-BF4B-00C04F79EFBC}") = "SYEV3", "SYEV3\SYEV3.csproj", "{BE9936F9-71E2-42BB-A5C2-D9F66D47A88E}"
EndProject
Global
	GlobalSection(SolutionConfigurationPlatforms) = preSolution
		Debug|Any CPU = Debug|Any CPU
		Release|Any CPU = Release|Any CPU
	EndGlobalSection
	GlobalSection(ProjectConfigurationPlatforms) = postSolution
		{BE9936F9-71E2-42BB-A5C2-D9F66D47A88E}.Debug|Any CPU.ActiveCfg = Debug|Any CPU
		{BE9936F9-71E2-42BB-A5C2-D9F66D47A88E}.Debug|Any CPU.Build.0 = Debug|Any CPU
		{BE9936F9-71E2-42BB-A5C2-D9F66D47A88E}.Release|Any CPU.ActiveCfg = Release|Any CPU
		{BE9936F9-71E2-42BB-A5C2-D9F66D47A88E}.Release|Any CPU.Build.0 = Release|Any CPU
	EndGlobalSection
	GlobalSection(SolutionProperties) = preSolution
		HideSolutionNode = FALSE
	EndGlobalSection
EndGlobal
